// !$*UTF8*$!
{
	archiveVersion = 1;
	classes = {
	};
	objectVersion = 51;
	objects = {

/* Begin PBXBuildFile section */
		15A6350BEDC468844C40ED37 /* Pods_flixster_flixsterUITests.framework in Frameworks */ = {isa = PBXBuildFile; fileRef = 8100221784C4586B8D2E99BE /* Pods_flixster_flixsterUITests.framework */; };
		1D8B682101FEEF76F5D75EF5 /* Pods_flixsterTests.framework in Frameworks */ = {isa = PBXBuildFile; fileRef = 66E35F3BE8A5699C711798FB /* Pods_flixsterTests.framework */; };
		2E01DC14A5800794312AD0F7 /* Pods_flixster.framework in Frameworks */ = {isa = PBXBuildFile; fileRef = BE6D6B8ACCEF09E6D3AF9F0E /* Pods_flixster.framework */; };
		9103A9212548886D000B8DA0 /* MovieGridCell.swift in Sources */ = {isa = PBXBuildFile; fileRef = 9103A9202548886D000B8DA0 /* MovieGridCell.swift */; };
		917A442B253E5485001C1115 /* AppDelegate.swift in Sources */ = {isa = PBXBuildFile; fileRef = 917A442A253E5485001C1115 /* AppDelegate.swift */; };
		917A442D253E5485001C1115 /* SceneDelegate.swift in Sources */ = {isa = PBXBuildFile; fileRef = 917A442C253E5485001C1115 /* SceneDelegate.swift */; };
		917A4432253E5485001C1115 /* Main.storyboard in Resources */ = {isa = PBXBuildFile; fileRef = 917A4430253E5485001C1115 /* Main.storyboard */; };
		917A4434253E5486001C1115 /* Assets.xcassets in Resources */ = {isa = PBXBuildFile; fileRef = 917A4433253E5486001C1115 /* Assets.xcassets */; };
		917A4437253E5486001C1115 /* LaunchScreen.storyboard in Resources */ = {isa = PBXBuildFile; fileRef = 917A4435253E5486001C1115 /* LaunchScreen.storyboard */; };
		917A4442253E5486001C1115 /* flixsterTests.swift in Sources */ = {isa = PBXBuildFile; fileRef = 917A4441253E5486001C1115 /* flixsterTests.swift */; };
		917A444D253E5486001C1115 /* flixsterUITests.swift in Sources */ = {isa = PBXBuildFile; fileRef = 917A444C253E5486001C1115 /* flixsterUITests.swift */; };
		917A4461253E55C9001C1115 /* MoviesViewController.swift in Sources */ = {isa = PBXBuildFile; fileRef = 917A4460253E55C9001C1115 /* MoviesViewController.swift */; };
		917A4466253E607B001C1115 /* MovieCell.swift in Sources */ = {isa = PBXBuildFile; fileRef = 917A4465253E607B001C1115 /* MovieCell.swift */; };
		917E3508254699BE0097C7FD /* MovieDetailsViewController.swift in Sources */ = {isa = PBXBuildFile; fileRef = 917E3507254699BE0097C7FD /* MovieDetailsViewController.swift */; };
		917E350D2546A4540097C7FD /* MovieGridViewController.swift in Sources */ = {isa = PBXBuildFile; fileRef = 917E350C2546A4540097C7FD /* MovieGridViewController.swift */; };
/* End PBXBuildFile section */

/* Begin PBXContainerItemProxy section */
		917A443E253E5486001C1115 /* PBXContainerItemProxy */ = {
			isa = PBXContainerItemProxy;
			containerPortal = 917A441F253E5485001C1115 /* Project object */;
			proxyType = 1;
			remoteGlobalIDString = 917A4426253E5485001C1115;
			remoteInfo = flixster;
		};
		917A4449253E5486001C1115 /* PBXContainerItemProxy */ = {
			isa = PBXContainerItemProxy;
			containerPortal = 917A441F253E5485001C1115 /* Project object */;
			proxyType = 1;
			remoteGlobalIDString = 917A4426253E5485001C1115;
			remoteInfo = flixster;
		};
/* End PBXContainerItemProxy section */

/* Begin PBXFileReference section */
		03B3BA9BE3BCCF0D3DEA9F47 /* Pods-flixsterTests.debug.xcconfig */ = {isa = PBXFileReference; includeInIndex = 1; lastKnownFileType = text.xcconfig; name = "Pods-flixsterTests.debug.xcconfig"; path = "Target Support Files/Pods-flixsterTests/Pods-flixsterTests.debug.xcconfig"; sourceTree = "<group>"; };
		40B80282F3D7C324AD97FE35 /* Pods-flixster.debug.xcconfig */ = {isa = PBXFileReference; includeInIndex = 1; lastKnownFileType = text.xcconfig; name = "Pods-flixster.debug.xcconfig"; path = "Target Support Files/Pods-flixster/Pods-flixster.debug.xcconfig"; sourceTree = "<group>"; };
		501A87C9F0587943334E5475 /* Pods-flixsterTests.release.xcconfig */ = {isa = PBXFileReference; includeInIndex = 1; lastKnownFileType = text.xcconfig; name = "Pods-flixsterTests.release.xcconfig"; path = "Target Support Files/Pods-flixsterTests/Pods-flixsterTests.release.xcconfig"; sourceTree = "<group>"; };
		66E35F3BE8A5699C711798FB /* Pods_flixsterTests.framework */ = {isa = PBXFileReference; explicitFileType = wrapper.framework; includeInIndex = 0; path = Pods_flixsterTests.framework; sourceTree = BUILT_PRODUCTS_DIR; };
		6819F6692EC6D9E351CB08B7 /* Pods-flixster-flixsterUITests.debug.xcconfig */ = {isa = PBXFileReference; includeInIndex = 1; lastKnownFileType = text.xcconfig; name = "Pods-flixster-flixsterUITests.debug.xcconfig"; path = "Target Support Files/Pods-flixster-flixsterUITests/Pods-flixster-flixsterUITests.debug.xcconfig"; sourceTree = "<group>"; };
		8100221784C4586B8D2E99BE /* Pods_flixster_flixsterUITests.framework */ = {isa = PBXFileReference; explicitFileType = wrapper.framework; includeInIndex = 0; path = Pods_flixster_flixsterUITests.framework; sourceTree = BUILT_PRODUCTS_DIR; };
		9103A9202548886D000B8DA0 /* MovieGridCell.swift */ = {isa = PBXFileReference; lastKnownFileType = sourcecode.swift; path = MovieGridCell.swift; sourceTree = "<group>"; };
		917A4427253E5485001C1115 /* flixster.app */ = {isa = PBXFileReference; explicitFileType = wrapper.application; includeInIndex = 0; path = flixster.app; sourceTree = BUILT_PRODUCTS_DIR; };
		917A442A253E5485001C1115 /* AppDelegate.swift */ = {isa = PBXFileReference; lastKnownFileType = sourcecode.swift; path = AppDelegate.swift; sourceTree = "<group>"; };
		917A442C253E5485001C1115 /* SceneDelegate.swift */ = {isa = PBXFileReference; lastKnownFileType = sourcecode.swift; path = SceneDelegate.swift; sourceTree = "<group>"; };
		917A4431253E5485001C1115 /* Base */ = {isa = PBXFileReference; lastKnownFileType = file.storyboard; name = Base; path = Base.lproj/Main.storyboard; sourceTree = "<group>"; };
		917A4433253E5486001C1115 /* Assets.xcassets */ = {isa = PBXFileReference; lastKnownFileType = folder.assetcatalog; path = Assets.xcassets; sourceTree = "<group>"; };
		917A4436253E5486001C1115 /* Base */ = {isa = PBXFileReference; lastKnownFileType = file.storyboard; name = Base; path = Base.lproj/LaunchScreen.storyboard; sourceTree = "<group>"; };
		917A4438253E5486001C1115 /* Info.plist */ = {isa = PBXFileReference; lastKnownFileType = text.plist.xml; path = Info.plist; sourceTree = "<group>"; };
		917A443D253E5486001C1115 /* flixsterTests.xctest */ = {isa = PBXFileReference; explicitFileType = wrapper.cfbundle; includeInIndex = 0; path = flixsterTests.xctest; sourceTree = BUILT_PRODUCTS_DIR; };
		917A4441253E5486001C1115 /* flixsterTests.swift */ = {isa = PBXFileReference; lastKnownFileType = sourcecode.swift; path = flixsterTests.swift; sourceTree = "<group>"; };
		917A4443253E5486001C1115 /* Info.plist */ = {isa = PBXFileReference; lastKnownFileType = text.plist.xml; path = Info.plist; sourceTree = "<group>"; };
		917A4448253E5486001C1115 /* flixsterUITests.xctest */ = {isa = PBXFileReference; explicitFileType = wrapper.cfbundle; includeInIndex = 0; path = flixsterUITests.xctest; sourceTree = BUILT_PRODUCTS_DIR; };
		917A444C253E5486001C1115 /* flixsterUITests.swift */ = {isa = PBXFileReference; lastKnownFileType = sourcecode.swift; path = flixsterUITests.swift; sourceTree = "<group>"; };
		917A444E253E5486001C1115 /* Info.plist */ = {isa = PBXFileReference; lastKnownFileType = text.plist.xml; path = Info.plist; sourceTree = "<group>"; };
		917A4460253E55C9001C1115 /* MoviesViewController.swift */ = {isa = PBXFileReference; lastKnownFileType = sourcecode.swift; path = MoviesViewController.swift; sourceTree = "<group>"; };
		917A4465253E607B001C1115 /* MovieCell.swift */ = {isa = PBXFileReference; lastKnownFileType = sourcecode.swift; path = MovieCell.swift; sourceTree = "<group>"; };
		917E3507254699BE0097C7FD /* MovieDetailsViewController.swift */ = {isa = PBXFileReference; lastKnownFileType = sourcecode.swift; path = MovieDetailsViewController.swift; sourceTree = "<group>"; };
		917E350C2546A4540097C7FD /* MovieGridViewController.swift */ = {isa = PBXFileReference; lastKnownFileType = sourcecode.swift; path = MovieGridViewController.swift; sourceTree = "<group>"; };
		A6FBBEAB74936C75608CE4BF /* Pods-flixster.release.xcconfig */ = {isa = PBXFileReference; includeInIndex = 1; lastKnownFileType = text.xcconfig; name = "Pods-flixster.release.xcconfig"; path = "Target Support Files/Pods-flixster/Pods-flixster.release.xcconfig"; sourceTree = "<group>"; };
		BE6D6B8ACCEF09E6D3AF9F0E /* Pods_flixster.framework */ = {isa = PBXFileReference; explicitFileType = wrapper.framework; includeInIndex = 0; path = Pods_flixster.framework; sourceTree = BUILT_PRODUCTS_DIR; };
		F0A04C792BFA1E7C3C4ED50B /* Pods-flixster-flixsterUITests.release.xcconfig */ = {isa = PBXFileReference; includeInIndex = 1; lastKnownFileType = text.xcconfig; name = "Pods-flixster-flixsterUITests.release.xcconfig"; path = "Target Support Files/Pods-flixster-flixsterUITests/Pods-flixster-flixsterUITests.release.xcconfig"; sourceTree = "<group>"; };
/* End PBXFileReference section */

/* Begin PBXFrameworksBuildPhase section */
		917A4424253E5485001C1115 /* Frameworks */ = {
			isa = PBXFrameworksBuildPhase;
			buildActionMask = 2147483647;
			files = (
				2E01DC14A5800794312AD0F7 /* Pods_flixster.framework in Frameworks */,
			);
			runOnlyForDeploymentPostprocessing = 0;
		};
		917A443A253E5486001C1115 /* Frameworks */ = {
			isa = PBXFrameworksBuildPhase;
			buildActionMask = 2147483647;
			files = (
				1D8B682101FEEF76F5D75EF5 /* Pods_flixsterTests.framework in Frameworks */,
			);
			runOnlyForDeploymentPostprocessing = 0;
		};
		917A4445253E5486001C1115 /* Frameworks */ = {
			isa = PBXFrameworksBuildPhase;
			buildActionMask = 2147483647;
			files = (
				15A6350BEDC468844C40ED37 /* Pods_flixster_flixsterUITests.framework in Frameworks */,
			);
			runOnlyForDeploymentPostprocessing = 0;
		};
/* End PBXFrameworksBuildPhase section */

/* Begin PBXGroup section */
		917A441E253E5485001C1115 = {
			isa = PBXGroup;
			children = (
				917A4429253E5485001C1115 /* flixster */,
				917A4440253E5486001C1115 /* flixsterTests */,
				917A444B253E5486001C1115 /* flixsterUITests */,
				917A4428253E5485001C1115 /* Products */,
				AFE47847D6E3129C8916407F /* Pods */,
				B24ADDC400B7D248788BABA8 /* Frameworks */,
			);
			sourceTree = "<group>";
		};
		917A4428253E5485001C1115 /* Products */ = {
			isa = PBXGroup;
			children = (
				917A4427253E5485001C1115 /* flixster.app */,
				917A443D253E5486001C1115 /* flixsterTests.xctest */,
				917A4448253E5486001C1115 /* flixsterUITests.xctest */,
			);
			name = Products;
			sourceTree = "<group>";
		};
		917A4429253E5485001C1115 /* flixster */ = {
			isa = PBXGroup;
			children = (
				917A442A253E5485001C1115 /* AppDelegate.swift */,
				917A442C253E5485001C1115 /* SceneDelegate.swift */,
				917A4430253E5485001C1115 /* Main.storyboard */,
				917A4433253E5486001C1115 /* Assets.xcassets */,
				917A4435253E5486001C1115 /* LaunchScreen.storyboard */,
				917A4438253E5486001C1115 /* Info.plist */,
				917A4460253E55C9001C1115 /* MoviesViewController.swift */,
				917A4465253E607B001C1115 /* MovieCell.swift */,
				917E3507254699BE0097C7FD /* MovieDetailsViewController.swift */,
				917E350C2546A4540097C7FD /* MovieGridViewController.swift */,
				9103A9202548886D000B8DA0 /* MovieGridCell.swift */,
			);
			path = flixster;
			sourceTree = "<group>";
		};
		917A4440253E5486001C1115 /* flixsterTests */ = {
			isa = PBXGroup;
			children = (
				917A4441253E5486001C1115 /* flixsterTests.swift */,
				917A4443253E5486001C1115 /* Info.plist */,
			);
			path = flixsterTests;
			sourceTree = "<group>";
		};
		917A444B253E5486001C1115 /* flixsterUITests */ = {
			isa = PBXGroup;
			children = (
				917A444C253E5486001C1115 /* flixsterUITests.swift */,
				917A444E253E5486001C1115 /* Info.plist */,
			);
			path = flixsterUITests;
			sourceTree = "<group>";
		};
		AFE47847D6E3129C8916407F /* Pods */ = {
			isa = PBXGroup;
			children = (
				40B80282F3D7C324AD97FE35 /* Pods-flixster.debug.xcconfig */,
				A6FBBEAB74936C75608CE4BF /* Pods-flixster.release.xcconfig */,
				6819F6692EC6D9E351CB08B7 /* Pods-flixster-flixsterUITests.debug.xcconfig */,
				F0A04C792BFA1E7C3C4ED50B /* Pods-flixster-flixsterUITests.release.xcconfig */,
				03B3BA9BE3BCCF0D3DEA9F47 /* Pods-flixsterTests.debug.xcconfig */,
				501A87C9F0587943334E5475 /* Pods-flixsterTests.release.xcconfig */,
			);
			path = Pods;
			sourceTree = "<group>";
		};
		B24ADDC400B7D248788BABA8 /* Frameworks */ = {
			isa = PBXGroup;
			children = (
				BE6D6B8ACCEF09E6D3AF9F0E /* Pods_flixster.framework */,
				8100221784C4586B8D2E99BE /* Pods_flixster_flixsterUITests.framework */,
				66E35F3BE8A5699C711798FB /* Pods_flixsterTests.framework */,
			);
			name = Frameworks;
			sourceTree = "<group>";
		};
/* End PBXGroup section */

/* Begin PBXNativeTarget section */
		917A4426253E5485001C1115 /* flixster */ = {
			isa = PBXNativeTarget;
			buildConfigurationList = 917A4451253E5486001C1115 /* Build configuration list for PBXNativeTarget "flixster" */;
			buildPhases = (
				3671D8B80E852BB91D11FA09 /* [CP] Check Pods Manifest.lock */,
				917A4423253E5485001C1115 /* Sources */,
				917A4424253E5485001C1115 /* Frameworks */,
				917A4425253E5485001C1115 /* Resources */,
				539409755747DCF068B921E2 /* [CP] Embed Pods Frameworks */,
			);
			buildRules = (
			);
			dependencies = (
			);
			name = flixster;
			productName = flixster;
			productReference = 917A4427253E5485001C1115 /* flixster.app */;
			productType = "com.apple.product-type.application";
		};
		917A443C253E5486001C1115 /* flixsterTests */ = {
			isa = PBXNativeTarget;
			buildConfigurationList = 917A4454253E5486001C1115 /* Build configuration list for PBXNativeTarget "flixsterTests" */;
			buildPhases = (
				CAFD01D2A5C996E9A4F089DC /* [CP] Check Pods Manifest.lock */,
				917A4439253E5486001C1115 /* Sources */,
				917A443A253E5486001C1115 /* Frameworks */,
				917A443B253E5486001C1115 /* Resources */,
			);
			buildRules = (
			);
			dependencies = (
				917A443F253E5486001C1115 /* PBXTargetDependency */,
			);
			name = flixsterTests;
			productName = flixsterTests;
			productReference = 917A443D253E5486001C1115 /* flixsterTests.xctest */;
			productType = "com.apple.product-type.bundle.unit-test";
		};
		917A4447253E5486001C1115 /* flixsterUITests */ = {
			isa = PBXNativeTarget;
			buildConfigurationList = 917A4457253E5486001C1115 /* Build configuration list for PBXNativeTarget "flixsterUITests" */;
			buildPhases = (
				C45F7EB31283F9F3AA6721C3 /* [CP] Check Pods Manifest.lock */,
				917A4444253E5486001C1115 /* Sources */,
				917A4445253E5486001C1115 /* Frameworks */,
				917A4446253E5486001C1115 /* Resources */,
				C6EA58401BC2E44C3DFFF4EB /* [CP] Embed Pods Frameworks */,
			);
			buildRules = (
			);
			dependencies = (
				917A444A253E5486001C1115 /* PBXTargetDependency */,
			);
			name = flixsterUITests;
			productName = flixsterUITests;
			productReference = 917A4448253E5486001C1115 /* flixsterUITests.xctest */;
			productType = "com.apple.product-type.bundle.ui-testing";
		};
/* End PBXNativeTarget section */

/* Begin PBXProject section */
		917A441F253E5485001C1115 /* Project object */ = {
			isa = PBXProject;
			attributes = {
				LastSwiftUpdateCheck = 1200;
				LastUpgradeCheck = 1200;
				TargetAttributes = {
					917A4426253E5485001C1115 = {
						CreatedOnToolsVersion = 12.0.1;
					};
					917A443C253E5486001C1115 = {
						CreatedOnToolsVersion = 12.0.1;
						TestTargetID = 917A4426253E5485001C1115;
					};
					917A4447253E5486001C1115 = {
						CreatedOnToolsVersion = 12.0.1;
						TestTargetID = 917A4426253E5485001C1115;
					};
				};
			};
			buildConfigurationList = 917A4422253E5485001C1115 /* Build configuration list for PBXProject "flixster" */;
			compatibilityVersion = "Xcode 9.3";
			developmentRegion = en;
			hasScannedForEncodings = 0;
			knownRegions = (
				en,
				Base,
			);
			mainGroup = 917A441E253E5485001C1115;
			productRefGroup = 917A4428253E5485001C1115 /* Products */;
			projectDirPath = "";
			projectRoot = "";
			targets = (
				917A4426253E5485001C1115 /* flixster */,
				917A443C253E5486001C1115 /* flixsterTests */,
				917A4447253E5486001C1115 /* flixsterUITests */,
			);
		};
/* End PBXProject section */

/* Begin PBXResourcesBuildPhase section */
		917A4425253E5485001C1115 /* Resources */ = {
			isa = PBXResourcesBuildPhase;
			buildActionMask = 2147483647;
			files = (
				917A4437253E5486001C1115 /* LaunchScreen.storyboard in Resources */,
				917A4434253E5486001C1115 /* Assets.xcassets in Resources */,
				917A4432253E5485001C1115 /* Main.storyboard in Resources */,
			);
			runOnlyForDeploymentPostprocessing = 0;
		};
		917A443B253E5486001C1115 /* Resources */ = {
			isa = PBXResourcesBuildPhase;
			buildActionMask = 2147483647;
			files = (
			);
			runOnlyForDeploymentPostprocessing = 0;
		};
		917A4446253E5486001C1115 /* Resources */ = {
			isa = PBXResourcesBuildPhase;
			buildActionMask = 2147483647;
			files = (
			);
			runOnlyForDeploymentPostprocessing = 0;
		};
/* End PBXResourcesBuildPhase section */

/* Begin PBXShellScriptBuildPhase section */
		3671D8B80E852BB91D11FA09 /* [CP] Check Pods Manifest.lock */ = {
			isa = PBXShellScriptBuildPhase;
			buildActionMask = 2147483647;
			files = (
			);
			inputFileListPaths = (
			);
			inputPaths = (
				"${PODS_PODFILE_DIR_PATH}/Podfile.lock",
				"${PODS_ROOT}/Manifest.lock",
			);
			name = "[CP] Check Pods Manifest.lock";
			outputFileListPaths = (
			);
			outputPaths = (
				"$(DERIVED_FILE_DIR)/Pods-flixster-checkManifestLockResult.txt",
			);
			runOnlyForDeploymentPostprocessing = 0;
			shellPath = /bin/sh;
			shellScript = "diff \"${PODS_PODFILE_DIR_PATH}/Podfile.lock\" \"${PODS_ROOT}/Manifest.lock\" > /dev/null\nif [ $? != 0 ] ; then\n    # print error to STDERR\n    echo \"error: The sandbox is not in sync with the Podfile.lock. Run 'pod install' or update your CocoaPods installation.\" >&2\n    exit 1\nfi\n# This output is used by Xcode 'outputs' to avoid re-running this script phase.\necho \"SUCCESS\" > \"${SCRIPT_OUTPUT_FILE_0}\"\n";
			showEnvVarsInLog = 0;
		};
		539409755747DCF068B921E2 /* [CP] Embed Pods Frameworks */ = {
			isa = PBXShellScriptBuildPhase;
			buildActionMask = 2147483647;
			files = (
			);
			inputFileListPaths = (
				"${PODS_ROOT}/Target Support Files/Pods-flixster/Pods-flixster-frameworks-${CONFIGURATION}-input-files.xcfilelist",
			);
			name = "[CP] Embed Pods Frameworks";
			outputFileListPaths = (
				"${PODS_ROOT}/Target Support Files/Pods-flixster/Pods-flixster-frameworks-${CONFIGURATION}-output-files.xcfilelist",
			);
			runOnlyForDeploymentPostprocessing = 0;
			shellPath = /bin/sh;
			shellScript = "\"${PODS_ROOT}/Target Support Files/Pods-flixster/Pods-flixster-frameworks.sh\"\n";
			showEnvVarsInLog = 0;
		};
		C45F7EB31283F9F3AA6721C3 /* [CP] Check Pods Manifest.lock */ = {
			isa = PBXShellScriptBuildPhase;
			buildActionMask = 2147483647;
			files = (
			);
			inputFileListPaths = (
			);
			inputPaths = (
				"${PODS_PODFILE_DIR_PATH}/Podfile.lock",
				"${PODS_ROOT}/Manifest.lock",
			);
			name = "[CP] Check Pods Manifest.lock";
			outputFileListPaths = (
			);
			outputPaths = (
				"$(DERIVED_FILE_DIR)/Pods-flixster-flixsterUITests-checkManifestLockResult.txt",
			);
			runOnlyForDeploymentPostprocessing = 0;
			shellPath = /bin/sh;
			shellScript = "diff \"${PODS_PODFILE_DIR_PATH}/Podfile.lock\" \"${PODS_ROOT}/Manifest.lock\" > /dev/null\nif [ $? != 0 ] ; then\n    # print error to STDERR\n    echo \"error: The sandbox is not in sync with the Podfile.lock. Run 'pod install' or update your CocoaPods installation.\" >&2\n    exit 1\nfi\n# This output is used by Xcode 'outputs' to avoid re-running this script phase.\necho \"SUCCESS\" > \"${SCRIPT_OUTPUT_FILE_0}\"\n";
			showEnvVarsInLog = 0;
		};
		C6EA58401BC2E44C3DFFF4EB /* [CP] Embed Pods Frameworks */ = {
			isa = PBXShellScriptBuildPhase;
			buildActionMask = 2147483647;
			files = (
			);
			inputFileListPaths = (
				"${PODS_ROOT}/Target Support Files/Pods-flixster-flixsterUITests/Pods-flixster-flixsterUITests-frameworks-${CONFIGURATION}-input-files.xcfilelist",
			);
			name = "[CP] Embed Pods Frameworks";
			outputFileListPaths = (
				"${PODS_ROOT}/Target Support Files/Pods-flixster-flixsterUITests/Pods-flixster-flixsterUITests-frameworks-${CONFIGURATION}-output-files.xcfilelist",
			);
			runOnlyForDeploymentPostprocessing = 0;
			shellPath = /bin/sh;
			shellScript = "\"${PODS_ROOT}/Target Support Files/Pods-flixster-flixsterUITests/Pods-flixster-flixsterUITests-frameworks.sh\"\n";
			showEnvVarsInLog = 0;
		};
		CAFD01D2A5C996E9A4F089DC /* [CP] Check Pods Manifest.lock */ = {
			isa = PBXShellScriptBuildPhase;
			buildActionMask = 2147483647;
			files = (
			);
			inputFileListPaths = (
			);
			inputPaths = (
				"${PODS_PODFILE_DIR_PATH}/Podfile.lock",
				"${PODS_ROOT}/Manifest.lock",
			);
			name = "[CP] Check Pods Manifest.lock";
			outputFileListPaths = (
			);
			outputPaths = (
				"$(DERIVED_FILE_DIR)/Pods-flixsterTests-checkManifestLockResult.txt",
			);
			runOnlyForDeploymentPostprocessing = 0;
			shellPath = /bin/sh;
			shellScript = "diff \"${PODS_PODFILE_DIR_PATH}/Podfile.lock\" \"${PODS_ROOT}/Manifest.lock\" > /dev/null\nif [ $? != 0 ] ; then\n    # print error to STDERR\n    echo \"error: The sandbox is not in sync with the Podfile.lock. Run 'pod install' or update your CocoaPods installation.\" >&2\n    exit 1\nfi\n# This output is used by Xcode 'outputs' to avoid re-running this script phase.\necho \"SUCCESS\" > \"${SCRIPT_OUTPUT_FILE_0}\"\n";
			showEnvVarsInLog = 0;
		};
/* End PBXShellScriptBuildPhase section */

/* Begin PBXSourcesBuildPhase section */
		917A4423253E5485001C1115 /* Sources */ = {
			isa = PBXSourcesBuildPhase;
			buildActionMask = 2147483647;
			files = (
				917E3508254699BE0097C7FD /* MovieDetailsViewController.swift in Sources */,
				917A442B253E5485001C1115 /* AppDelegate.swift in Sources */,
				917A442D253E5485001C1115 /* SceneDelegate.swift in Sources */,
				917A4466253E607B001C1115 /* MovieCell.swift in Sources */,
				917A4461253E55C9001C1115 /* MoviesViewController.swift in Sources */,
				917E350D2546A4540097C7FD /* MovieGridViewController.swift in Sources */,
				9103A9212548886D000B8DA0 /* MovieGridCell.swift in Sources */,
			);
			runOnlyForDeploymentPostprocessing = 0;
		};
		917A4439253E5486001C1115 /* Sources */ = {
			isa = PBXSourcesBuildPhase;
			buildActionMask = 2147483647;
			files = (
				917A4442253E5486001C1115 /* flixsterTests.swift in Sources */,
			);
			runOnlyForDeploymentPostprocessing = 0;
		};
		917A4444253E5486001C1115 /* Sources */ = {
			isa = PBXSourcesBuildPhase;
			buildActionMask = 2147483647;
			files = (
				917A444D253E5486001C1115 /* flixsterUITests.swift in Sources */,
			);
			runOnlyForDeploymentPostprocessing = 0;
		};
/* End PBXSourcesBuildPhase section */

/* Begin PBXTargetDependency section */
		917A443F253E5486001C1115 /* PBXTargetDependency */ = {
			isa = PBXTargetDependency;
			target = 917A4426253E5485001C1115 /* flixster */;
			targetProxy = 917A443E253E5486001C1115 /* PBXContainerItemProxy */;
		};
		917A444A253E5486001C1115 /* PBXTargetDependency */ = {
			isa = PBXTargetDependency;
			target = 917A4426253E5485001C1115 /* flixster */;
			targetProxy = 917A4449253E5486001C1115 /* PBXContainerItemProxy */;
		};
/* End PBXTargetDependency section */

/* Begin PBXVariantGroup section */
		917A4430253E5485001C1115 /* Main.storyboard */ = {
			isa = PBXVariantGroup;
			children = (
				917A4431253E5485001C1115 /* Base */,
			);
			name = Main.storyboard;
			sourceTree = "<group>";
		};
		917A4435253E5486001C1115 /* LaunchScreen.storyboard */ = {
			isa = PBXVariantGroup;
			children = (
				917A4436253E5486001C1115 /* Base */,
			);
			name = LaunchScreen.storyboard;
			sourceTree = "<group>";
		};
/* End PBXVariantGroup section */

/* Begin XCBuildConfiguration section */
		917A444F253E5486001C1115 /* Debug */ = {
			isa = XCBuildConfiguration;
			buildSettings = {
				ALWAYS_SEARCH_USER_PATHS = NO;
				CLANG_ANALYZER_NONNULL = YES;
				CLANG_ANALYZER_NUMBER_OBJECT_CONVERSION = YES_AGGRESSIVE;
				CLANG_CXX_LANGUAGE_STANDARD = "gnu++14";
				CLANG_CXX_LIBRARY = "libc++";
				CLANG_ENABLE_MODULES = YES;
				CLANG_ENABLE_OBJC_ARC = YES;
				CLANG_ENABLE_OBJC_WEAK = YES;
				CLANG_WARN_BLOCK_CAPTURE_AUTORELEASING = YES;
				CLANG_WARN_BOOL_CONVERSION = YES;
				CLANG_WARN_COMMA = YES;
				CLANG_WARN_CONSTANT_CONVERSION = YES;
				CLANG_WARN_DEPRECATED_OBJC_IMPLEMENTATIONS = YES;
				CLANG_WARN_DIRECT_OBJC_ISA_USAGE = YES_ERROR;
				CLANG_WARN_DOCUMENTATION_COMMENTS = YES;
				CLANG_WARN_EMPTY_BODY = YES;
				CLANG_WARN_ENUM_CONVERSION = YES;
				CLANG_WARN_INFINITE_RECURSION = YES;
				CLANG_WARN_INT_CONVERSION = YES;
				CLANG_WARN_NON_LITERAL_NULL_CONVERSION = YES;
				CLANG_WARN_OBJC_IMPLICIT_RETAIN_SELF = YES;
				CLANG_WARN_OBJC_LITERAL_CONVERSION = YES;
				CLANG_WARN_OBJC_ROOT_CLASS = YES_ERROR;
				CLANG_WARN_QUOTED_INCLUDE_IN_FRAMEWORK_HEADER = YES;
				CLANG_WARN_RANGE_LOOP_ANALYSIS = YES;
				CLANG_WARN_STRICT_PROTOTYPES = YES;
				CLANG_WARN_SUSPICIOUS_MOVE = YES;
				CLANG_WARN_UNGUARDED_AVAILABILITY = YES_AGGRESSIVE;
				CLANG_WARN_UNREACHABLE_CODE = YES;
				CLANG_WARN__DUPLICATE_METHOD_MATCH = YES;
				COPY_PHASE_STRIP = NO;
				DEBUG_INFORMATION_FORMAT = dwarf;
				ENABLE_STRICT_OBJC_MSGSEND = YES;
				ENABLE_TESTABILITY = YES;
				GCC_C_LANGUAGE_STANDARD = gnu11;
				GCC_DYNAMIC_NO_PIC = NO;
				GCC_NO_COMMON_BLOCKS = YES;
				GCC_OPTIMIZATION_LEVEL = 0;
				GCC_PREPROCESSOR_DEFINITIONS = (
					"DEBUG=1",
					"$(inherited)",
				);
				GCC_WARN_64_TO_32_BIT_CONVERSION = YES;
				GCC_WARN_ABOUT_RETURN_TYPE = YES_ERROR;
				GCC_WARN_UNDECLARED_SELECTOR = YES;
				GCC_WARN_UNINITIALIZED_AUTOS = YES_AGGRESSIVE;
				GCC_WARN_UNUSED_FUNCTION = YES;
				GCC_WARN_UNUSED_VARIABLE = YES;
				IPHONEOS_DEPLOYMENT_TARGET = 14.0;
				MTL_ENABLE_DEBUG_INFO = INCLUDE_SOURCE;
				MTL_FAST_MATH = YES;
				ONLY_ACTIVE_ARCH = YES;
				SDKROOT = iphoneos;
				SWIFT_ACTIVE_COMPILATION_CONDITIONS = DEBUG;
				SWIFT_OPTIMIZATION_LEVEL = "-Onone";
			};
			name = Debug;
		};
		917A4450253E5486001C1115 /* Release */ = {
			isa = XCBuildConfiguration;
			buildSettings = {
				ALWAYS_SEARCH_USER_PATHS = NO;
				CLANG_ANALYZER_NONNULL = YES;
				CLANG_ANALYZER_NUMBER_OBJECT_CONVERSION = YES_AGGRESSIVE;
				CLANG_CXX_LANGUAGE_STANDARD = "gnu++14";
				CLANG_CXX_LIBRARY = "libc++";
				CLANG_ENABLE_MODULES = YES;
				CLANG_ENABLE_OBJC_ARC = YES;
				CLANG_ENABLE_OBJC_WEAK = YES;
				CLANG_WARN_BLOCK_CAPTURE_AUTORELEASING = YES;
				CLANG_WARN_BOOL_CONVERSION = YES;
				CLANG_WARN_COMMA = YES;
				CLANG_WARN_CONSTANT_CONVERSION = YES;
				CLANG_WARN_DEPRECATED_OBJC_IMPLEMENTATIONS = YES;
				CLANG_WARN_DIRECT_OBJC_ISA_USAGE = YES_ERROR;
				CLANG_WARN_DOCUMENTATION_COMMENTS = YES;
				CLANG_WARN_EMPTY_BODY = YES;
				CLANG_WARN_ENUM_CONVERSION = YES;
				CLANG_WARN_INFINITE_RECURSION = YES;
				CLANG_WARN_INT_CONVERSION = YES;
				CLANG_WARN_NON_LITERAL_NULL_CONVERSION = YES;
				CLANG_WARN_OBJC_IMPLICIT_RETAIN_SELF = YES;
				CLANG_WARN_OBJC_LITERAL_CONVERSION = YES;
				CLANG_WARN_OBJC_ROOT_CLASS = YES_ERROR;
				CLANG_WARN_QUOTED_INCLUDE_IN_FRAMEWORK_HEADER = YES;
				CLANG_WARN_RANGE_LOOP_ANALYSIS = YES;
				CLANG_WARN_STRICT_PROTOTYPES = YES;
				CLANG_WARN_SUSPICIOUS_MOVE = YES;
				CLANG_WARN_UNGUARDED_AVAILABILITY = YES_AGGRESSIVE;
				CLANG_WARN_UNREACHABLE_CODE = YES;
				CLANG_WARN__DUPLICATE_METHOD_MATCH = YES;
				COPY_PHASE_STRIP = NO;
				DEBUG_INFORMATION_FORMAT = "dwarf-with-dsym";
				ENABLE_NS_ASSERTIONS = NO;
				ENABLE_STRICT_OBJC_MSGSEND = YES;
				GCC_C_LANGUAGE_STANDARD = gnu11;
				GCC_NO_COMMON_BLOCKS = YES;
				GCC_WARN_64_TO_32_BIT_CONVERSION = YES;
				GCC_WARN_ABOUT_RETURN_TYPE = YES_ERROR;
				GCC_WARN_UNDECLARED_SELECTOR = YES;
				GCC_WARN_UNINITIALIZED_AUTOS = YES_AGGRESSIVE;
				GCC_WARN_UNUSED_FUNCTION = YES;
				GCC_WARN_UNUSED_VARIABLE = YES;
				IPHONEOS_DEPLOYMENT_TARGET = 14.0;
				MTL_ENABLE_DEBUG_INFO = NO;
				MTL_FAST_MATH = YES;
				SDKROOT = iphoneos;
				SWIFT_COMPILATION_MODE = wholemodule;
				SWIFT_OPTIMIZATION_LEVEL = "-O";
				VALIDATE_PRODUCT = YES;
			};
			name = Release;
		};
		917A4452253E5486001C1115 /* Debug */ = {
			isa = XCBuildConfiguration;
			baseConfigurationReference = 40B80282F3D7C324AD97FE35 /* Pods-flixster.debug.xcconfig */;
			buildSettings = {
				ASSETCATALOG_COMPILER_APPICON_NAME = AppIcon;
				ASSETCATALOG_COMPILER_GLOBAL_ACCENT_COLOR_NAME = AccentColor;
				CODE_SIGN_STYLE = Automatic;
				INFOPLIST_FILE = flixster/Info.plist;
				LD_RUNPATH_SEARCH_PATHS = (
					"$(inherited)",
					"@executable_path/Frameworks",
				);
				PRODUCT_BUNDLE_IDENTIFIER = nkapa.flixster;
				PRODUCT_NAME = "$(TARGET_NAME)";
				SWIFT_VERSION = 5.0;
				TARGETED_DEVICE_FAMILY = "1,2";
			};
			name = Debug;
		};
		917A4453253E5486001C1115 /* Release */ = {
			isa = XCBuildConfiguration;
			baseConfigurationReference = A6FBBEAB74936C75608CE4BF /* Pods-flixster.release.xcconfig */;
			buildSettings = {
				ASSETCATALOG_COMPILER_APPICON_NAME = AppIcon;
				ASSETCATALOG_COMPILER_GLOBAL_ACCENT_COLOR_NAME = AccentColor;
				CODE_SIGN_STYLE = Automatic;
				INFOPLIST_FILE = flixster/Info.plist;
				LD_RUNPATH_SEARCH_PATHS = (
					"$(inherited)",
					"@executable_path/Frameworks",
				);
				PRODUCT_BUNDLE_IDENTIFIER = nkapa.flixster;
				PRODUCT_NAME = "$(TARGET_NAME)";
				SWIFT_VERSION = 5.0;
				TARGETED_DEVICE_FAMILY = "1,2";
			};
			name = Release;
		};
		917A4455253E5486001C1115 /* Debug */ = {
			isa = XCBuildConfiguration;
			baseConfigurationReference = 03B3BA9BE3BCCF0D3DEA9F47 /* Pods-flixsterTests.debug.xcconfig */;
			buildSettings = {
				ALWAYS_EMBED_SWIFT_STANDARD_LIBRARIES = YES;
				BUNDLE_LOADER = "$(TEST_HOST)";
				CODE_SIGN_STYLE = Automatic;
				INFOPLIST_FILE = flixsterTests/Info.plist;
				IPHONEOS_DEPLOYMENT_TARGET = 14.0;
				LD_RUNPATH_SEARCH_PATHS = (
					"$(inherited)",
					"@executable_path/Frameworks",
					"@loader_path/Frameworks",
				);
				PRODUCT_BUNDLE_IDENTIFIER = nkapa.flixsterTests;
				PRODUCT_NAME = "$(TARGET_NAME)";
				SWIFT_VERSION = 5.0;
				TARGETED_DEVICE_FAMILY = "1,2";
				TEST_HOST = "$(BUILT_PRODUCTS_DIR)/flixster.app/flixster";
			};
			name = Debug;
		};
		917A4456253E5486001C1115 /* Release */ = {
			isa = XCBuildConfiguration;
			baseConfigurationReference = 501A87C9F0587943334E5475 /* Pods-flixsterTests.release.xcconfig */;
			buildSettings = {
				ALWAYS_EMBED_SWIFT_STANDARD_LIBRARIES = YES;
				BUNDLE_LOADER = "$(TEST_HOST)";
				CODE_SIGN_STYLE = Automatic;
				INFOPLIST_FILE = flixsterTests/Info.plist;
				IPHONEOS_DEPLOYMENT_TARGET = 14.0;
				LD_RUNPATH_SEARCH_PATHS = (
					"$(inherited)",
					"@executable_path/Frameworks",
					"@loader_path/Frameworks",
				);
				PRODUCT_BUNDLE_IDENTIFIER = nkapa.flixsterTests;
				PRODUCT_NAME = "$(TARGET_NAME)";
				SWIFT_VERSION = 5.0;
				TARGETED_DEVICE_FAMILY = "1,2";
				TEST_HOST = "$(BUILT_PRODUCTS_DIR)/flixster.app/flixster";
			};
			name = Release;
		};
		917A4458253E5486001C1115 /* Debug */ = {
			isa = XCBuildConfiguration;
			baseConfigurationReference = 6819F6692EC6D9E351CB08B7 /* Pods-flixster-flixsterUITests.debug.xcconfig */;
			buildSettings = {
				ALWAYS_EMBED_SWIFT_STANDARD_LIBRARIES = YES;
				CODE_SIGN_STYLE = Automatic;
				INFOPLIST_FILE = flixsterUITests/Info.plist;
				LD_RUNPATH_SEARCH_PATHS = (
					"$(inherited)",
					"@executable_path/Frameworks",
					"@loader_path/Frameworks",
				);
				PRODUCT_BUNDLE_IDENTIFIER = nkapa.flixsterUITests;
				PRODUCT_NAME = "$(TARGET_NAME)";
				SWIFT_VERSION = 5.0;
				TARGETED_DEVICE_FAMILY = "1,2";
				TEST_TARGET_NAME = flixster;
			};
			name = Debug;
		};
		917A4459253E5486001C1115 /* Release */ = {
			isa = XCBuildConfiguration;
			baseConfigurationReference = F0A04C792BFA1E7C3C4ED50B /* Pods-flixster-flixsterUITests.release.xcconfig */;
			buildSettings = {
				ALWAYS_EMBED_SWIFT_STANDARD_LIBRARIES = YES;
				CODE_SIGN_STYLE = Automatic;
				INFOPLIST_FILE = flixsterUITests/Info.plist;
				LD_RUNPATH_SEARCH_PATHS = (
					"$(inherited)",
					"@executable_path/Frameworks",
					"@loader_path/Frameworks",
				);
				PRODUCT_BUNDLE_IDENTIFIER = nkapa.flixsterUITests;
				PRODUCT_NAME = "$(TARGET_NAME)";
				SWIFT_VERSION = 5.0;
				TARGETED_DEVICE_FAMILY = "1,2";
				TEST_TARGET_NAME = flixster;
			};
			name = Release;
		};
/* End XCBuildConfiguration section */

/* Begin XCConfigurationList section */
		917A4422253E5485001C1115 /* Build configuration list for PBXProject "flixster" */ = {
			isa = XCConfigurationList;
			buildConfigurations = (
				917A444F253E5486001C1115 /* Debug */,
				917A4450253E5486001C1115 /* Release */,
			);
			defaultConfigurationIsVisible = 0;
			defaultConfigurationName = Release;
		};
		917A4451253E5486001C1115 /* Build configuration list for PBXNativeTarget "flixster" */ = {
			isa = XCConfigurationList;
			buildConfigurations = (
				917A4452253E5486001C1115 /* Debug */,
				917A4453253E5486001C1115 /* Release */,
			);
			defaultConfigurationIsVisible = 0;
			defaultConfigurationName = Release;
		};
		917A4454253E5486001C1115 /* Build configuration list for PBXNativeTarget "flixsterTests" */ = {
			isa = XCConfigurationList;
			buildConfigurations = (
				917A4455253E5486001C1115 /* Debug */,
				917A4456253E5486001C1115 /* Release */,
			);
			defaultConfigurationIsVisible = 0;
			defaultConfigurationName = Release;
		};
		917A4457253E5486001C1115 /* Build configuration list for PBXNativeTarget "flixsterUITests" */ = {
			isa = XCConfigurationList;
			buildConfigurations = (
				917A4458253E5486001C1115 /* Debug */,
				917A4459253E5486001C1115 /* Release */,
			);
			defaultConfigurationIsVisible = 0;
			defaultConfigurationName = Release;
		};
/* End XCConfigurationList section */
	};
	rootObject = 917A441F253E5485001C1115 /* Project object */;
}
